{
  "pins" : [
    {
      "identity" : "alamofire",
      "kind" : "remoteSourceControl",
      "location" : "https://github.com/Alamofire/Alamofire",
      "state" : {
        "revision" : "78424be314842833c04bc3bef5b72e85fff99204",
        "version" : "5.6.4"
      }
    },
    {
      "identity" : "fetch",
      "kind" : "remoteSourceControl",
      "location" : "https://github.com/allaboutapps/Fetch",
      "state" : {
        "revision" : "21e9006c4f69218bfede49b8d906d05cc100ff8a",
        "version" : "3.1.0"
      }
    },
    {
      "identity" : "reactiveswift",
      "kind" : "remoteSourceControl",
      "location" : "https://github.com/ReactiveCocoa/ReactiveSwift",
      "state" : {
        "revision" : "efb2f0a6f6c8739cce8fb14148a5bd3c83f2f91d",
        "version" : "7.0.0"
      }
    }
  ],
  "version" : 2
}
